
Microsoft Visual Studio Solution File, Format Version 12.00
# Visual Studio Version 17
VisualStudioVersion = 17.4.33122.133
MinimumVisualStudioVersion = 10.0.40219.1
Project("{FAE04EC0-301F-11D3-BF4B-00C04F79EFBC}") = "KitchenRoom1", "KitchenRoom1.csproj", "{FE8EE009-248F-4725-B975-19F98765ABFA}"
EndProject
Global
	GlobalSection(SolutionConfigurationPlatforms) = preSolution
		Debug|Any CPU = Debug|Any CPU
		Release|Any CPU = Release|Any CPU
	EndGlobalSection
	GlobalSection(ProjectConfigurationPlatforms) = postSolution
		{FE8EE009-248F-4725-B975-19F98765ABFA}.Debug|Any CPU.ActiveCfg = Debug|Any CPU
		{FE8EE009-248F-4725-B975-19F98765ABFA}.Debug|Any CPU.Build.0 = Debug|Any CPU
		{FE8EE009-248F-4725-B975-19F98765ABFA}.Release|Any CPU.ActiveCfg = Release|Any CPU
		{FE8EE009-248F-4725-B975-19F98765ABFA}.Release|Any CPU.Build.0 = Release|Any CPU
	EndGlobalSection
	GlobalSection(SolutionProperties) = preSolution
		HideSolutionNode = FALSE
	EndGlobalSection
	GlobalSection(ExtensibilityGlobals) = postSolution
		SolutionGuid = {71A6E54B-19A1-4EC6-9E5A-2784FCFBCC2C}
	EndGlobalSection
EndGlobal
